
Microsoft Visual Studio Solution File, Format Version 12.00
# Visual Studio Version 16
VisualStudioVersion = 16.0.32510.428
MinimumVisualStudioVersion = 10.0.40219.1
Project("{FAE04EC0-301F-11D3-BF4B-00C04F79EFBC}") = "WebApp", "WebApp\WebApp.csproj", "{7BF0991A-4FB6-4B02-8B8E-CA838583793C}"
EndProject
Global
	GlobalSection(SolutionConfigurationPlatforms) = preSolution
		Debug|Any CPU = Debug|Any CPU
		Release|Any CPU = Release|Any CPU
	EndGlobalSection
	GlobalSection(ProjectConfigurationPlatforms) = postSolution
		{7BF0991A-4FB6-4B02-8B8E-CA838583793C}.Debug|Any CPU.ActiveCfg = Debug|Any CPU
		{7BF0991A-4FB6-4B02-8B8E-CA838583793C}.Debug|Any CPU.Build.0 = Debug|Any CPU
		{7BF0991A-4FB6-4B02-8B8E-CA838583793C}.Release|Any CPU.ActiveCfg = Release|Any CPU
		{7BF0991A-4FB6-4B02-8B8E-CA838583793C}.Release|Any CPU.Build.0 = Release|Any CPU
	EndGlobalSection
	GlobalSection(SolutionProperties) = preSolution
		HideSolutionNode = FALSE
	EndGlobalSection
	GlobalSection(ExtensibilityGlobals) = postSolution
		SolutionGuid = {3E8419A9-4062-404A-BA56-593A3E79DC3D}
	EndGlobalSection
EndGlobal
